lockfileVersion: '9.0'

settings:
  autoInstallPeers: true
  excludeLinksFromLockfile: false

importers:

  .: {}

  apps/cli:
    dependencies:
      '@odinn/kernel':
        specifier: workspace:*
        version: link:../../packages/kernel
      '@odinn/policy':
        specifier: workspace:*
        version: link:../../packages/policy

  apps/gateway:
    dependencies:
      '@odinn/kernel':
        specifier: workspace:*
        version: link:../../packages/kernel
      '@odinn/policy':
        specifier: workspace:*
        version: link:../../packages/policy

  packages/kernel:
    dependencies:
      '@odinn/policy':
        specifier: workspace:*
        version: link:../policy
      '@odinn/protocol':
        specifier: workspace:*
        version: link:../protocol
      '@odinn/store-file':
        specifier: workspace:*
        version: link:../store-file
      playwright-core:
        specifier: 1.61.1
        version: 1.61.1

  packages/policy: {}

  packages/protocol: {}

  packages/store-file:
    dependencies:
      '@odinn/protocol':
        specifier: workspace:*
        version: link:../protocol

packages:

  playwright-core@1.61.1:
    resolution: {integrity: sha512-h7Qlt6m4REp25qvIdvbDtVmD4LqVXfpRxhORv9L0jzETM05p4fuPJ3dKyuSXQxDSbXnmS79HAgi9589lGSpLkg==}
    engines: {node: '>=18'}
    hasBin: true

snapshots:

  playwright-core@1.61.1: {}
