lockfileVersion: '9.0'

settings:
  autoInstallPeers: true
  excludeLinksFromLockfile: false

importers:

  .:
    devDependencies:
      '@types/node':
        specifier: 24.10.1
        version: 24.10.1
      typescript:
        specifier: 5.9.3
        version: 5.9.3

  apps/cli:
    dependencies:
      '@odinn/kernel':
        specifier: workspace:*
        version: link:../../packages/kernel
      '@odinn/policy':
        specifier: workspace:*
        version: link:../../packages/policy

  apps/gateway:
    dependencies:
      '@odinn/kernel':
        specifier: workspace:*
        version: link:../../packages/kernel
      '@odinn/policy':
        specifier: workspace:*
        version: link:../../packages/policy
      '@odinn/store-file':
        specifier: workspace:*
        version: link:../../packages/store-file

  packages/kernel:
    dependencies:
      '@odinn/policy':
        specifier: workspace:*
        version: link:../policy
      '@odinn/protocol':
        specifier: workspace:*
        version: link:../protocol
      '@odinn/store-file':
        specifier: workspace:*
        version: link:../store-file
      '@odinn/store-sqlite':
        specifier: workspace:*
        version: link:../store-sqlite
      playwright-core:
        specifier: 1.61.1
        version: 1.61.1

  packages/policy: {}

  packages/protocol: {}

  packages/store-file:
    dependencies:
      '@odinn/protocol':
        specifier: workspace:*
        version: link:../protocol

  packages/store-sqlite: {}

packages:

  '@types/node@24.10.1':
    resolution: {integrity: sha512-GNWcUTRBgIRJD5zj+Tq0fKOJ5XZajIiBroOF0yvj2bSU1WvNdYS/dn9UxwsujGW4JX06dnHyjV2y9rRaybH0iQ==}

  playwright-core@1.61.1:
    resolution: {integrity: sha512-h7Qlt6m4REp25qvIdvbDtVmD4LqVXfpRxhORv9L0jzETM05p4fuPJ3dKyuSXQxDSbXnmS79HAgi9589lGSpLkg==}
    engines: {node: '>=18'}
    hasBin: true

  typescript@5.9.3:
    resolution: {integrity: sha512-jl1vZzPDinLr9eUt3J/t7V6FgNEw9QjvBPdysz9KfQDD41fQrC2Y4vKQdiaUpFT4bXlb1RHhLpp8wtm6M5TgSw==}
    engines: {node: '>=14.17'}
    hasBin: true

  undici-types@7.16.0:
    resolution: {integrity: sha512-Zz+aZWSj8LE6zoxD+xrjh4VfkIG8Ya6LvYkZqtUQGJPZjYl53ypCaUwWqo7eI0x66KBGeRo+mlBEkMSeSZ38Nw==}

snapshots:

  '@types/node@24.10.1':
    dependencies:
      undici-types: 7.16.0

  playwright-core@1.61.1: {}

  typescript@5.9.3: {}

  undici-types@7.16.0: {}
